
Microsoft Visual Studio Solution File, Format Version 12.00
# Visual Studio Version 17
VisualStudioVersion = 17.4.33213.308
MinimumVisualStudioVersion = 10.0.40219.1
Project("{FAE04EC0-301F-11D3-BF4B-00C04F79EFBC}") = "MVC(crud-sonu)", "MVC(crud-sonu)\MVC(crud-sonu).csproj", "{EE4FE7B3-6C36-4031-B33E-8B05B56B08B6}"
EndProject
Global
	GlobalSection(SolutionConfigurationPlatforms) = preSolution
		Debug|Any CPU = Debug|Any CPU
		Release|Any CPU = Release|Any CPU
	EndGlobalSection
	GlobalSection(ProjectConfigurationPlatforms) = postSolution
		{EE4FE7B3-6C36-4031-B33E-8B05B56B08B6}.Debug|Any CPU.ActiveCfg = Debug|Any CPU
		{EE4FE7B3-6C36-4031-B33E-8B05B56B08B6}.Debug|Any CPU.Build.0 = Debug|Any CPU
		{EE4FE7B3-6C36-4031-B33E-8B05B56B08B6}.Release|Any CPU.ActiveCfg = Release|Any CPU
		{EE4FE7B3-6C36-4031-B33E-8B05B56B08B6}.Release|Any CPU.Build.0 = Release|Any CPU
	EndGlobalSection
	GlobalSection(SolutionProperties) = preSolution
		HideSolutionNode = FALSE
	EndGlobalSection
	GlobalSection(ExtensibilityGlobals) = postSolution
		SolutionGuid = {A56D0527-74EC-413B-9627-B612C54FB703}
	EndGlobalSection
EndGlobal
